<Solution>
  <Project Path="Ssalddel.Unity.Tests.EditMode.csproj" />
  <Project Path="Ssalddel.Unity.CityFarmWorldIntegration.csproj" />
  <Project Path="Ssalddel.Unity.CityFarmWorldIntegration.Editor.csproj" />
  <Project Path="Ssalddel.Unity.Data.csproj" />
  <Project Path="Ssalddel.Unity.UrbanLogisticsCenter.Sample.csproj" />
  <Project Path="Ssalddel.Unity.Farm.Sample.csproj" />
  <Project Path="Ssalddel.Unity.Editor.csproj" />
  <Project Path="Ssalddel.Unity.Presentation.csproj" />
  <Project Path="Ssalddel.Unity.Runtime.csproj" />
  <Project Path="Assembly-CSharp.csproj" />
  <Project Path="Ssalddel.Unity.Bootstrap.csproj" />
  <Project Path="Ssalddel.Unity.UrbanMarket.Sample.csproj" />
  <Project Path="Ssalddel.Unity.Tests.PlayMode.csproj" />
  <Project Path="Assembly-CSharp-Editor.csproj" />
  <Project Path="Ssalddel.Unity.Application.csproj" />
  <Project Path="Ssalddel.Unity.CityFarmWorldIntegration.EditorTests.csproj" />
  <Project Path="Ssalddel.Unity.Infrastructure.csproj" />
  <Project Path="Ssalddel.CodeMetadata.csproj" />
  <Project Path="Ssalddel.Unity.ResidentialPickup.Sample.csproj" />
  <Project Path="Ssalddel.WorkflowRules.Contracts.csproj" />
  <Project Path="Ssalddel.Unity.UrbanLogisticsCenter.Sample.EditorTests.csproj" />
  <Project Path="Ssalddel.Unity.NpcMovement.Sample.csproj" />
  <Project Path="Ssalddel.Unity.UrbanMarket.Sample.Editor.csproj" />
  <Project Path="Ssalddel.Unity.SyntyCityPackIntegration.Editor.csproj" />
  <Project Path="Ssalddel.WorkflowRules.csproj" />
  <Project Path="Ssalddel.Unity.UrbanMarket.Sample.EditorTests.csproj" />
  <Project Path="Ssalddel.Unity.UrbanLogisticsCenter.Sample.Editor.csproj" />
  <Project Path="Ssalddel.Unity.Farm.Sample.EditorTests.csproj" />
  <Project Path="Ssalddel.Unity.Farm.Sample.Editor.csproj" />
</Solution>
